<?xml version="1.0" encoding="utf-8"?>
<Project ToolsVersion="4.0" xmlns="http://schemas.microsoft.com/developer/msbuild/2003">
  <ItemGroup>
    <Filter Include="Source Files">
      <UniqueIdentifier>{4FC737F1-C7A5-4376-A066-2A32D752A2FF}</UniqueIdentifier>
      <Extensions>cpp;c;cc;cxx;def;odl;idl;hpj;bat;asm;asmx</Extensions>
    </Filter>
    <Filter Include="Header Files">
      <UniqueIdentifier>{93995380-89BD-4b04-88EB-625FBE52EBFB}</UniqueIdentifier>
      <Extensions>h;hh;hpp;hxx;hm;inl;inc;ipp;xsd</Extensions>
    </Filter>
    <Filter Include="Resource Files">
      <UniqueIdentifier>{67DA6AB6-F800-4c08-8B7A-83BB121AAD01}</UniqueIdentifier>
      <Extensions>rc;ico;cur;bmp;dlg;rc2;rct;bin;rgs;gif;jpg;jpeg;jpe;resx;tiff;tif;png;wav;mfcribbon-ms</Extensions>
    </Filter>
    <Filter Include="Source Files\config">
      <UniqueIdentifier>{9218d879-c001-435b-ba41-a6c322dbb9a6}</UniqueIdentifier>
    </Filter>
    <Filter Include="Source Files\D4D">
      <UniqueIdentifier>{a9f9a38c-3b46-4d19-ac7a-0833031c6084}</UniqueIdentifier>
    </Filter>
    <Filter Include="Source Files\test">
      <UniqueIdentifier>{d8af66b4-9e28-4c80-8536-c814609b8f5a}</UniqueIdentifier>
    </Filter>
  </ItemGroup>
  <ItemGroup>
    <ClCompile Include="main.cpp">
      <Filter>Source Files\test</Filter>
    </ClCompile>
    <ClCompile Include="src\D4D config.cpp">
      <Filter>Source Files\config</Filter>
    </ClCompile>
    <ClCompile Include="src\D4D plane4d.cpp">
      <Filter>Source Files\D4D</Filter>
    </ClCompile>
    <ClCompile Include="src\D4D vec4.cpp">
      <Filter>Source Files\D4D</Filter>
    </ClCompile>
    <ClCompile Include="src\D4D septernion.cpp">
      <Filter>Source Files\D4D</Filter>
    </ClCompile>
  </ItemGroup>
  <ItemGroup>
    <ClInclude Include="include\D4D config.h">
      <Filter>Source Files\config</Filter>
    </ClInclude>
    <ClInclude Include="include\D4D plane4d.h">
      <Filter>Source Files\D4D</Filter>
    </ClInclude>
    <ClInclude Include="include\D4D vec4.h">
      <Filter>Source Files\D4D</Filter>
    </ClInclude>
    <ClInclude Include="include\D4D septernion.h">
      <Filter>Source Files\D4D</Filter>
    </ClInclude>
  </ItemGroup>
</Project>