
Microsoft Visual Studio Solution File, Format Version 12.00
# Visual Studio 15
VisualStudioVersion = 15.0.28307.1145
MinimumVisualStudioVersion = 10.0.40219.1
Project("{8BC9CEB8-8B4A-11D0-8D11-00A0C91BC942}") = "D4d Dirac 4 dimention geometry library", "D4d Dirac 4 dimention geometry library\D4d Dirac 4 dimention geometry library.vcxproj", "{333A202D-F600-44BF-AE69-D84DD3155B47}"
EndProject
Global
	GlobalSection(SolutionConfigurationPlatforms) = preSolution
		Debug|x64 = Debug|x64
		Debug|x86 = Debug|x86
		Release|x64 = Release|x64
		Release|x86 = Release|x86
	EndGlobalSection
	GlobalSection(ProjectConfigurationPlatforms) = postSolution
		{333A202D-F600-44BF-AE69-D84DD3155B47}.Debug|x64.ActiveCfg = Debug|x64
		{333A202D-F600-44BF-AE69-D84DD3155B47}.Debug|x64.Build.0 = Debug|x64
		{333A202D-F600-44BF-AE69-D84DD3155B47}.Debug|x86.ActiveCfg = Debug|Win32
		{333A202D-F600-44BF-AE69-D84DD3155B47}.Debug|x86.Build.0 = Debug|Win32
		{333A202D-F600-44BF-AE69-D84DD3155B47}.Release|x64.ActiveCfg = Release|x64
		{333A202D-F600-44BF-AE69-D84DD3155B47}.Release|x64.Build.0 = Release|x64
		{333A202D-F600-44BF-AE69-D84DD3155B47}.Release|x86.ActiveCfg = Release|Win32
		{333A202D-F600-44BF-AE69-D84DD3155B47}.Release|x86.Build.0 = Release|Win32
	EndGlobalSection
	GlobalSection(SolutionProperties) = preSolution
		HideSolutionNode = FALSE
	EndGlobalSection
	GlobalSection(ExtensibilityGlobals) = postSolution
		SolutionGuid = {D0892661-243A-4B7A-9CC3-0E7983710BD9}
	EndGlobalSection
EndGlobal
